// !$*UTF8*$!
{
	archiveVersion = 1;
	classes = {
	};
	objectVersion = 46;
	objects = {

/* Begin PBXBuildFile section */
		5D8489491B02FD9200993BBB /* ClassRelation.m in Sources */ = {isa = PBXBuildFile; fileRef = 5D8489481B02FD9200993BBB /* ClassRelation.m */; };
		5DEAE7FE1AF1D2A700D55CE1 /* main.m in Sources */ = {isa = PBXBuildFile; fileRef = 5DEAE7FD1AF1D2A700D55CE1 /* main.m */; };
		5DEAE8011AF1D2A700D55CE1 /* AppDelegate.m in Sources */ = {isa = PBXBuildFile; fileRef = 5DEAE8001AF1D2A700D55CE1 /* AppDelegate.m */; };
		5DEAE8041AF1D2A700D55CE1 /* ViewController.m in Sources */ = {isa = PBXBuildFile; fileRef = 5DEAE8031AF1D2A700D55CE1 /* ViewController.m */; };
		5DEAE8071AF1D2A700D55CE1 /* Main.storyboard in Resources */ = {isa = PBXBuildFile; fileRef = 5DEAE8051AF1D2A700D55CE1 /* Main.storyboard */; };
		5DEAE8091AF1D2A700D55CE1 /* Images.xcassets in Resources */ = {isa = PBXBuildFile; fileRef = 5DEAE8081AF1D2A700D55CE1 /* Images.xcassets */; };
		5DEAE80C1AF1D2A700D55CE1 /* LaunchScreen.xib in Resources */ = {isa = PBXBuildFile; fileRef = 5DEAE80A1AF1D2A700D55CE1 /* LaunchScreen.xib */; };
		5DEAE8181AF1D2A700D55CE1 /* DeepIntoRuntimeTests.m in Sources */ = {isa = PBXBuildFile; fileRef = 5DEAE8171AF1D2A700D55CE1 /* DeepIntoRuntimeTests.m */; };
		5DEAE8231AF1D32100D55CE1 /* AutoDictionary.m in Sources */ = {isa = PBXBuildFile; fileRef = 5DEAE8221AF1D32100D55CE1 /* AutoDictionary.m */; };
		5DEAE8291AF1D9D900D55CE1 /* NSArray+MethodSwizzling.m in Sources */ = {isa = PBXBuildFile; fileRef = 5DEAE8281AF1D9D900D55CE1 /* NSArray+MethodSwizzling.m */; };
		5DEAE82C1AF1FEF400D55CE1 /* MsgTransmit.m in Sources */ = {isa = PBXBuildFile; fileRef = 5DEAE82B1AF1FEF400D55CE1 /* MsgTransmit.m */; };
		5DEAE82F1AF20BA600D55CE1 /* helper.c in Sources */ = {isa = PBXBuildFile; fileRef = 5DEAE82D1AF20BA600D55CE1 /* helper.c */; };
/* End PBXBuildFile section */

/* Begin PBXContainerItemProxy section */
		5DEAE8121AF1D2A700D55CE1 /* PBXContainerItemProxy */ = {
			isa = PBXContainerItemProxy;
			containerPortal = 5DEAE7F01AF1D2A700D55CE1 /* Project object */;
			proxyType = 1;
			remoteGlobalIDString = 5DEAE7F71AF1D2A700D55CE1;
			remoteInfo = DeepIntoRuntime;
		};
/* End PBXContainerItemProxy section */

/* Begin PBXFileReference section */
		5D8489471B02FD9200993BBB /* ClassRelation.h */ = {isa = PBXFileReference; fileEncoding = 4; lastKnownFileType = sourcecode.c.h; path = ClassRelation.h; sourceTree = "<group>"; };
		5D8489481B02FD9200993BBB /* ClassRelation.m */ = {isa = PBXFileReference; fileEncoding = 4; lastKnownFileType = sourcecode.c.objc; path = ClassRelation.m; sourceTree = "<group>"; };
		5DEAE7F81AF1D2A700D55CE1 /* DeepIntoRuntime.app */ = {isa = PBXFileReference; explicitFileType = wrapper.application; includeInIndex = 0; path = DeepIntoRuntime.app; sourceTree = BUILT_PRODUCTS_DIR; };
		5DEAE7FC1AF1D2A700D55CE1 /* Info.plist */ = {isa = PBXFileReference; lastKnownFileType = text.plist.xml; path = Info.plist; sourceTree = "<group>"; };
		5DEAE7FD1AF1D2A700D55CE1 /* main.m */ = {isa = PBXFileReference; lastKnownFileType = sourcecode.c.objc; path = main.m; sourceTree = "<group>"; };
		5DEAE7FF1AF1D2A700D55CE1 /* AppDelegate.h */ = {isa = PBXFileReference; lastKnownFileType = sourcecode.c.h; path = AppDelegate.h; sourceTree = "<group>"; };
		5DEAE8001AF1D2A700D55CE1 /* AppDelegate.m */ = {isa = PBXFileReference; lastKnownFileType = sourcecode.c.objc; path = AppDelegate.m; sourceTree = "<group>"; };
		5DEAE8021AF1D2A700D55CE1 /* ViewController.h */ = {isa = PBXFileReference; lastKnownFileType = sourcecode.c.h; path = ViewController.h; sourceTree = "<group>"; };
		5DEAE8031AF1D2A700D55CE1 /* ViewController.m */ = {isa = PBXFileReference; lastKnownFileType = sourcecode.c.objc; path = ViewController.m; sourceTree = "<group>"; };
		5DEAE8061AF1D2A700D55CE1 /* Base */ = {isa = PBXFileReference; lastKnownFileType = file.storyboard; name = Base; path = Base.lproj/Main.storyboard; sourceTree = "<group>"; };
		5DEAE8081AF1D2A700D55CE1 /* Images.xcassets */ = {isa = PBXFileReference; lastKnownFileType = folder.assetcatalog; path = Images.xcassets; sourceTree = "<group>"; };
		5DEAE80B1AF1D2A700D55CE1 /* Base */ = {isa = PBXFileReference; lastKnownFileType = file.xib; name = Base; path = Base.lproj/LaunchScreen.xib; sourceTree = "<group>"; };
		5DEAE8111AF1D2A700D55CE1 /* DeepIntoRuntimeTests.xctest */ = {isa = PBXFileReference; explicitFileType = wrapper.cfbundle; includeInIndex = 0; path = DeepIntoRuntimeTests.xctest; sourceTree = BUILT_PRODUCTS_DIR; };
		5DEAE8161AF1D2A700D55CE1 /* Info.plist */ = {isa = PBXFileReference; lastKnownFileType = text.plist.xml; path = Info.plist; sourceTree = "<group>"; };
		5DEAE8171AF1D2A700D55CE1 /* DeepIntoRuntimeTests.m */ = {isa = PBXFileReference; lastKnownFileType = sourcecode.c.objc; path = DeepIntoRuntimeTests.m; sourceTree = "<group>"; };
		5DEAE8211AF1D32100D55CE1 /* AutoDictionary.h */ = {isa = PBXFileReference; fileEncoding = 4; lastKnownFileType = sourcecode.c.h; path = AutoDictionary.h; sourceTree = "<group>"; };
		5DEAE8221AF1D32100D55CE1 /* AutoDictionary.m */ = {isa = PBXFileReference; fileEncoding = 4; lastKnownFileType = sourcecode.c.objc; path = AutoDictionary.m; sourceTree = "<group>"; };
		5DEAE8271AF1D9D900D55CE1 /* NSArray+MethodSwizzling.h */ = {isa = PBXFileReference; fileEncoding = 4; lastKnownFileType = sourcecode.c.h; path = "NSArray+MethodSwizzling.h"; sourceTree = "<group>"; };
		5DEAE8281AF1D9D900D55CE1 /* NSArray+MethodSwizzling.m */ = {isa = PBXFileReference; fileEncoding = 4; lastKnownFileType = sourcecode.c.objc; path = "NSArray+MethodSwizzling.m"; sourceTree = "<group>"; };
		5DEAE82A1AF1FEF400D55CE1 /* MsgTransmit.h */ = {isa = PBXFileReference; fileEncoding = 4; lastKnownFileType = sourcecode.c.h; path = MsgTransmit.h; sourceTree = "<group>"; };
		5DEAE82B1AF1FEF400D55CE1 /* MsgTransmit.m */ = {isa = PBXFileReference; fileEncoding = 4; lastKnownFileType = sourcecode.c.objc; path = MsgTransmit.m; sourceTree = "<group>"; };
		5DEAE82D1AF20BA600D55CE1 /* helper.c */ = {isa = PBXFileReference; fileEncoding = 4; lastKnownFileType = sourcecode.c.c; path = helper.c; sourceTree = "<group>"; };
		5DEAE82E1AF20BA600D55CE1 /* helper.h */ = {isa = PBXFileReference; fileEncoding = 4; lastKnownFileType = sourcecode.c.h; path = helper.h; sourceTree = "<group>"; };
/* End PBXFileReference section */

/* Begin PBXFrameworksBuildPhase section */
		5DEAE7F51AF1D2A700D55CE1 /* Frameworks */ = {
			isa = PBXFrameworksBuildPhase;
			buildActionMask = 2147483647;
			files = (
			);
			runOnlyForDeploymentPostprocessing = 0;
		};
		5DEAE80E1AF1D2A700D55CE1 /* Frameworks */ = {
			isa = PBXFrameworksBuildPhase;
			buildActionMask = 2147483647;
			files = (
			);
			runOnlyForDeploymentPostprocessing = 0;
		};
/* End PBXFrameworksBuildPhase section */

/* Begin PBXGroup section */
		5DEAE7EF1AF1D2A700D55CE1 = {
			isa = PBXGroup;
			children = (
				5DEAE7FA1AF1D2A700D55CE1 /* DeepIntoRuntime */,
				5DEAE8141AF1D2A700D55CE1 /* DeepIntoRuntimeTests */,
				5DEAE7F91AF1D2A700D55CE1 /* Products */,
			);
			sourceTree = "<group>";
		};
		5DEAE7F91AF1D2A700D55CE1 /* Products */ = {
			isa = PBXGroup;
			children = (
				5DEAE7F81AF1D2A700D55CE1 /* DeepIntoRuntime.app */,
				5DEAE8111AF1D2A700D55CE1 /* DeepIntoRuntimeTests.xctest */,
			);
			name = Products;
			sourceTree = "<group>";
		};
		5DEAE7FA1AF1D2A700D55CE1 /* DeepIntoRuntime */ = {
			isa = PBXGroup;
			children = (
				5DEAE82E1AF20BA600D55CE1 /* helper.h */,
				5DEAE82D1AF20BA600D55CE1 /* helper.c */,
				5DEAE7FF1AF1D2A700D55CE1 /* AppDelegate.h */,
				5DEAE8001AF1D2A700D55CE1 /* AppDelegate.m */,
				5DEAE8021AF1D2A700D55CE1 /* ViewController.h */,
				5DEAE8031AF1D2A700D55CE1 /* ViewController.m */,
				5DEAE8211AF1D32100D55CE1 /* AutoDictionary.h */,
				5DEAE8221AF1D32100D55CE1 /* AutoDictionary.m */,
				5DEAE8271AF1D9D900D55CE1 /* NSArray+MethodSwizzling.h */,
				5DEAE8281AF1D9D900D55CE1 /* NSArray+MethodSwizzling.m */,
				5DEAE7FB1AF1D2A700D55CE1 /* Supporting Files */,
				5DEAE82A1AF1FEF400D55CE1 /* MsgTransmit.h */,
				5DEAE82B1AF1FEF400D55CE1 /* MsgTransmit.m */,
				5D8489471B02FD9200993BBB /* ClassRelation.h */,
				5D8489481B02FD9200993BBB /* ClassRelation.m */,
			);
			path = DeepIntoRuntime;
			sourceTree = "<group>";
		};
		5DEAE7FB1AF1D2A700D55CE1 /* Supporting Files */ = {
			isa = PBXGroup;
			children = (
				5DEAE8051AF1D2A700D55CE1 /* Main.storyboard */,
				5DEAE8081AF1D2A700D55CE1 /* Images.xcassets */,
				5DEAE80A1AF1D2A700D55CE1 /* LaunchScreen.xib */,
				5DEAE7FC1AF1D2A700D55CE1 /* Info.plist */,
				5DEAE7FD1AF1D2A700D55CE1 /* main.m */,
			);
			name = "Supporting Files";
			sourceTree = "<group>";
		};
		5DEAE8141AF1D2A700D55CE1 /* DeepIntoRuntimeTests */ = {
			isa = PBXGroup;
			children = (
				5DEAE8171AF1D2A700D55CE1 /* DeepIntoRuntimeTests.m */,
				5DEAE8151AF1D2A700D55CE1 /* Supporting Files */,
			);
			path = DeepIntoRuntimeTests;
			sourceTree = "<group>";
		};
		5DEAE8151AF1D2A700D55CE1 /* Supporting Files */ = {
			isa = PBXGroup;
			children = (
				5DEAE8161AF1D2A700D55CE1 /* Info.plist */,
			);
			name = "Supporting Files";
			sourceTree = "<group>";
		};
/* End PBXGroup section */

/* Begin PBXNativeTarget section */
		5DEAE7F71AF1D2A700D55CE1 /* DeepIntoRuntime */ = {
			isa = PBXNativeTarget;
			buildConfigurationList = 5DEAE81B1AF1D2A700D55CE1 /* Build configuration list for PBXNativeTarget "DeepIntoRuntime" */;
			buildPhases = (
				5DEAE7F41AF1D2A700D55CE1 /* Sources */,
				5DEAE7F51AF1D2A700D55CE1 /* Frameworks */,
				5DEAE7F61AF1D2A700D55CE1 /* Resources */,
			);
			buildRules = (
			);
			dependencies = (
			);
			name = DeepIntoRuntime;
			productName = DeepIntoRuntime;
			productReference = 5DEAE7F81AF1D2A700D55CE1 /* DeepIntoRuntime.app */;
			productType = "com.apple.product-type.application";
		};
		5DEAE8101AF1D2A700D55CE1 /* DeepIntoRuntimeTests */ = {
			isa = PBXNativeTarget;
			buildConfigurationList = 5DEAE81E1AF1D2A700D55CE1 /* Build configuration list for PBXNativeTarget "DeepIntoRuntimeTests" */;
			buildPhases = (
				5DEAE80D1AF1D2A700D55CE1 /* Sources */,
				5DEAE80E1AF1D2A700D55CE1 /* Frameworks */,
				5DEAE80F1AF1D2A700D55CE1 /* Resources */,
			);
			buildRules = (
			);
			dependencies = (
				5DEAE8131AF1D2A700D55CE1 /* PBXTargetDependency */,
			);
			name = DeepIntoRuntimeTests;
			productName = DeepIntoRuntimeTests;
			productReference = 5DEAE8111AF1D2A700D55CE1 /* DeepIntoRuntimeTests.xctest */;
			productType = "com.apple.product-type.bundle.unit-test";
		};
/* End PBXNativeTarget section */

/* Begin PBXProject section */
		5DEAE7F01AF1D2A700D55CE1 /* Project object */ = {
			isa = PBXProject;
			attributes = {
				LastUpgradeCheck = 0630;
				ORGANIZATIONNAME = ronglei;
				TargetAttributes = {
					5DEAE7F71AF1D2A700D55CE1 = {
						CreatedOnToolsVersion = 6.3.1;
					};
					5DEAE8101AF1D2A700D55CE1 = {
						CreatedOnToolsVersion = 6.3.1;
						TestTargetID = 5DEAE7F71AF1D2A700D55CE1;
					};
				};
			};
			buildConfigurationList = 5DEAE7F31AF1D2A700D55CE1 /* Build configuration list for PBXProject "DeepIntoRuntime" */;
			compatibilityVersion = "Xcode 3.2";
			developmentRegion = English;
			hasScannedForEncodings = 0;
			knownRegions = (
				en,
				Base,
			);
			mainGroup = 5DEAE7EF1AF1D2A700D55CE1;
			productRefGroup = 5DEAE7F91AF1D2A700D55CE1 /* Products */;
			projectDirPath = "";
			projectRoot = "";
			targets = (
				5DEAE7F71AF1D2A700D55CE1 /* DeepIntoRuntime */,
				5DEAE8101AF1D2A700D55CE1 /* DeepIntoRuntimeTests */,
			);
		};
/* End PBXProject section */

/* Begin PBXResourcesBuildPhase section */
		5DEAE7F61AF1D2A700D55CE1 /* Resources */ = {
			isa = PBXResourcesBuildPhase;
			buildActionMask = 2147483647;
			files = (
				5DEAE8071AF1D2A700D55CE1 /* Main.storyboard in Resources */,
				5DEAE80C1AF1D2A700D55CE1 /* LaunchScreen.xib in Resources */,
				5DEAE8091AF1D2A700D55CE1 /* Images.xcassets in Resources */,
			);
			runOnlyForDeploymentPostprocessing = 0;
		};
		5DEAE80F1AF1D2A700D55CE1 /* Resources */ = {
			isa = PBXResourcesBuildPhase;
			buildActionMask = 2147483647;
			files = (
			);
			runOnlyForDeploymentPostprocessing = 0;
		};
/* End PBXResourcesBuildPhase section */

/* Begin PBXSourcesBuildPhase section */
		5DEAE7F41AF1D2A700D55CE1 /* Sources */ = {
			isa = PBXSourcesBuildPhase;
			buildActionMask = 2147483647;
			files = (
				5DEAE8041AF1D2A700D55CE1 /* ViewController.m in Sources */,
				5DEAE8011AF1D2A700D55CE1 /* AppDelegate.m in Sources */,
				5DEAE8231AF1D32100D55CE1 /* AutoDictionary.m in Sources */,
				5DEAE7FE1AF1D2A700D55CE1 /* main.m in Sources */,
				5DEAE8291AF1D9D900D55CE1 /* NSArray+MethodSwizzling.m in Sources */,
				5DEAE82C1AF1FEF400D55CE1 /* MsgTransmit.m in Sources */,
				5D8489491B02FD9200993BBB /* ClassRelation.m in Sources */,
				5DEAE82F1AF20BA600D55CE1 /* helper.c in Sources */,
			);
			runOnlyForDeploymentPostprocessing = 0;
		};
		5DEAE80D1AF1D2A700D55CE1 /* Sources */ = {
			isa = PBXSourcesBuildPhase;
			buildActionMask = 2147483647;
			files = (
				5DEAE8181AF1D2A700D55CE1 /* DeepIntoRuntimeTests.m in Sources */,
			);
			runOnlyForDeploymentPostprocessing = 0;
		};
/* End PBXSourcesBuildPhase section */

/* Begin PBXTargetDependency section */
		5DEAE8131AF1D2A700D55CE1 /* PBXTargetDependency */ = {
			isa = PBXTargetDependency;
			target = 5DEAE7F71AF1D2A700D55CE1 /* DeepIntoRuntime */;
			targetProxy = 5DEAE8121AF1D2A700D55CE1 /* PBXContainerItemProxy */;
		};
/* End PBXTargetDependency section */

/* Begin PBXVariantGroup section */
		5DEAE8051AF1D2A700D55CE1 /* Main.storyboard */ = {
			isa = PBXVariantGroup;
			children = (
				5DEAE8061AF1D2A700D55CE1 /* Base */,
			);
			name = Main.storyboard;
			sourceTree = "<group>";
		};
		5DEAE80A1AF1D2A700D55CE1 /* LaunchScreen.xib */ = {
			isa = PBXVariantGroup;
			children = (
				5DEAE80B1AF1D2A700D55CE1 /* Base */,
			);
			name = LaunchScreen.xib;
			sourceTree = "<group>";
		};
/* End PBXVariantGroup section */

/* Begin XCBuildConfiguration section */
		5DEAE8191AF1D2A700D55CE1 /* Debug */ = {
			isa = XCBuildConfiguration;
			buildSettings = {
				ALWAYS_SEARCH_USER_PATHS = NO;
				CLANG_CXX_LANGUAGE_STANDARD = "gnu++0x";
				CLANG_CXX_LIBRARY = "libc++";
				CLANG_ENABLE_MODULES = YES;
				CLANG_ENABLE_OBJC_ARC = YES;
				CLANG_WARN_BOOL_CONVERSION = YES;
				CLANG_WARN_CONSTANT_CONVERSION = YES;
				CLANG_WARN_DIRECT_OBJC_ISA_USAGE = YES_ERROR;
				CLANG_WARN_EMPTY_BODY = YES;
				CLANG_WARN_ENUM_CONVERSION = YES;
				CLANG_WARN_INT_CONVERSION = YES;
				CLANG_WARN_OBJC_ROOT_CLASS = YES_ERROR;
				CLANG_WARN_UNREACHABLE_CODE = YES;
				CLANG_WARN__DUPLICATE_METHOD_MATCH = YES;
				"CODE_SIGN_IDENTITY[sdk=iphoneos*]" = "iPhone Developer";
				COPY_PHASE_STRIP = NO;
				DEBUG_INFORMATION_FORMAT = "dwarf-with-dsym";
				ENABLE_STRICT_OBJC_MSGSEND = YES;
				GCC_C_LANGUAGE_STANDARD = gnu99;
				GCC_DYNAMIC_NO_PIC = NO;
				GCC_NO_COMMON_BLOCKS = YES;
				GCC_OPTIMIZATION_LEVEL = 0;
				GCC_PREPROCESSOR_DEFINITIONS = (
					"DEBUG=1",
					"$(inherited)",
				);
				GCC_SYMBOLS_PRIVATE_EXTERN = NO;
				GCC_WARN_64_TO_32_BIT_CONVERSION = YES;
				GCC_WARN_ABOUT_RETURN_TYPE = YES_ERROR;
				GCC_WARN_UNDECLARED_SELECTOR = YES;
				GCC_WARN_UNINITIALIZED_AUTOS = YES_AGGRESSIVE;
				GCC_WARN_UNUSED_FUNCTION = YES;
				GCC_WARN_UNUSED_VARIABLE = YES;
				IPHONEOS_DEPLOYMENT_TARGET = 8.3;
				MTL_ENABLE_DEBUG_INFO = YES;
				ONLY_ACTIVE_ARCH = YES;
				SDKROOT = iphoneos;
			};
			name = Debug;
		};
		5DEAE81A1AF1D2A700D55CE1 /* Release */ = {
			isa = XCBuildConfiguration;
			buildSettings = {
				ALWAYS_SEARCH_USER_PATHS = NO;
				CLANG_CXX_LANGUAGE_STANDARD = "gnu++0x";
				CLANG_CXX_LIBRARY = "libc++";
				CLANG_ENABLE_MODULES = YES;
				CLANG_ENABLE_OBJC_ARC = YES;
				CLANG_WARN_BOOL_CONVERSION = YES;
				CLANG_WARN_CONSTANT_CONVERSION = YES;
				CLANG_WARN_DIRECT_OBJC_ISA_USAGE = YES_ERROR;
				CLANG_WARN_EMPTY_BODY = YES;
				CLANG_WARN_ENUM_CONVERSION = YES;
				CLANG_WARN_INT_CONVERSION = YES;
				CLANG_WARN_OBJC_ROOT_CLASS = YES_ERROR;
				CLANG_WARN_UNREACHABLE_CODE = YES;
				CLANG_WARN__DUPLICATE_METHOD_MATCH = YES;
				"CODE_SIGN_IDENTITY[sdk=iphoneos*]" = "iPhone Developer";
				COPY_PHASE_STRIP = NO;
				DEBUG_INFORMATION_FORMAT = "dwarf-with-dsym";
				ENABLE_NS_ASSERTIONS = NO;
				ENABLE_STRICT_OBJC_MSGSEND = YES;
				GCC_C_LANGUAGE_STANDARD = gnu99;
				GCC_NO_COMMON_BLOCKS = YES;
				GCC_WARN_64_TO_32_BIT_CONVERSION = YES;
				GCC_WARN_ABOUT_RETURN_TYPE = YES_ERROR;
				GCC_WARN_UNDECLARED_SELECTOR = YES;
				GCC_WARN_UNINITIALIZED_AUTOS = YES_AGGRESSIVE;
				GCC_WARN_UNUSED_FUNCTION = YES;
				GCC_WARN_UNUSED_VARIABLE = YES;
				IPHONEOS_DEPLOYMENT_TARGET = 8.3;
				MTL_ENABLE_DEBUG_INFO = NO;
				SDKROOT = iphoneos;
				VALIDATE_PRODUCT = YES;
			};
			name = Release;
		};
		5DEAE81C1AF1D2A700D55CE1 /* Debug */ = {
			isa = XCBuildConfiguration;
			buildSettings = {
				ASSETCATALOG_COMPILER_APPICON_NAME = AppIcon;
				INFOPLIST_FILE = DeepIntoRuntime/Info.plist;
				LD_RUNPATH_SEARCH_PATHS = "$(inherited) @executable_path/Frameworks";
				PRODUCT_NAME = "$(TARGET_NAME)";
			};
			name = Debug;
		};
		5DEAE81D1AF1D2A700D55CE1 /* Release */ = {
			isa = XCBuildConfiguration;
			buildSettings = {
				ASSETCATALOG_COMPILER_APPICON_NAME = AppIcon;
				INFOPLIST_FILE = DeepIntoRuntime/Info.plist;
				LD_RUNPATH_SEARCH_PATHS = "$(inherited) @executable_path/Frameworks";
				PRODUCT_NAME = "$(TARGET_NAME)";
			};
			name = Release;
		};
		5DEAE81F1AF1D2A700D55CE1 /* Debug */ = {
			isa = XCBuildConfiguration;
			buildSettings = {
				BUNDLE_LOADER = "$(TEST_HOST)";
				FRAMEWORK_SEARCH_PATHS = (
					"$(SDKROOT)/Developer/Library/Frameworks",
					"$(inherited)",
				);
				GCC_PREPROCESSOR_DEFINITIONS = (
					"DEBUG=1",
					"$(inherited)",
				);
				INFOPLIST_FILE = DeepIntoRuntimeTests/Info.plist;
				LD_RUNPATH_SEARCH_PATHS = "$(inherited) @executable_path/Frameworks @loader_path/Frameworks";
				PRODUCT_NAME = "$(TARGET_NAME)";
				TEST_HOST = "$(BUILT_PRODUCTS_DIR)/DeepIntoRuntime.app/DeepIntoRuntime";
			};
			name = Debug;
		};
		5DEAE8201AF1D2A700D55CE1 /* Release */ = {
			isa = XCBuildConfiguration;
			buildSettings = {
				BUNDLE_LOADER = "$(TEST_HOST)";
				FRAMEWORK_SEARCH_PATHS = (
					"$(SDKROOT)/Developer/Library/Frameworks",
					"$(inherited)",
				);
				INFOPLIST_FILE = DeepIntoRuntimeTests/Info.plist;
				LD_RUNPATH_SEARCH_PATHS = "$(inherited) @executable_path/Frameworks @loader_path/Frameworks";
				PRODUCT_NAME = "$(TARGET_NAME)";
				TEST_HOST = "$(BUILT_PRODUCTS_DIR)/DeepIntoRuntime.app/DeepIntoRuntime";
			};
			name = Release;
		};
/* End XCBuildConfiguration section */

/* Begin XCConfigurationList section */
		5DEAE7F31AF1D2A700D55CE1 /* Build configuration list for PBXProject "DeepIntoRuntime" */ = {
			isa = XCConfigurationList;
			buildConfigurations = (
				5DEAE8191AF1D2A700D55CE1 /* Debug */,
				5DEAE81A1AF1D2A700D55CE1 /* Release */,
			);
			defaultConfigurationIsVisible = 0;
			defaultConfigurationName = Release;
		};
		5DEAE81B1AF1D2A700D55CE1 /* Build configuration list for PBXNativeTarget "DeepIntoRuntime" */ = {
			isa = XCConfigurationList;
			buildConfigurations = (
				5DEAE81C1AF1D2A700D55CE1 /* Debug */,
				5DEAE81D1AF1D2A700D55CE1 /* Release */,
			);
			defaultConfigurationIsVisible = 0;
			defaultConfigurationName = Release;
		};
		5DEAE81E1AF1D2A700D55CE1 /* Build configuration list for PBXNativeTarget "DeepIntoRuntimeTests" */ = {
			isa = XCConfigurationList;
			buildConfigurations = (
				5DEAE81F1AF1D2A700D55CE1 /* Debug */,
				5DEAE8201AF1D2A700D55CE1 /* Release */,
			);
			defaultConfigurationIsVisible = 0;
			defaultConfigurationName = Release;
		};
/* End XCConfigurationList section */
	};
	rootObject = 5DEAE7F01AF1D2A700D55CE1 /* Project object */;
}
